
Microsoft Visual Studio Solution File, Format Version 12.00
# Visual Studio Version 17
VisualStudioVersion = 17.7.34024.191
MinimumVisualStudioVersion = 10.0.40219.1
Project("{8BC9CEB8-8B4A-11D0-8D11-00A0C91BC942}") = "lab3", "lab3.vcxproj", "{84772DF2-2331-433E-A2E5-04FCD4EAE92C}"
EndProject
Global
	GlobalSection(SolutionConfigurationPlatforms) = preSolution
		Debug|x64 = Debug|x64
		Debug|x86 = Debug|x86
		Release|x64 = Release|x64
		Release|x86 = Release|x86
	EndGlobalSection
	GlobalSection(ProjectConfigurationPlatforms) = postSolution
		{84772DF2-2331-433E-A2E5-04FCD4EAE92C}.Debug|x64.ActiveCfg = Debug|x64
		{84772DF2-2331-433E-A2E5-04FCD4EAE92C}.Debug|x64.Build.0 = Debug|x64
		{84772DF2-2331-433E-A2E5-04FCD4EAE92C}.Debug|x86.ActiveCfg = Debug|Win32
		{84772DF2-2331-433E-A2E5-04FCD4EAE92C}.Debug|x86.Build.0 = Debug|Win32
		{84772DF2-2331-433E-A2E5-04FCD4EAE92C}.Release|x64.ActiveCfg = Release|x64
		{84772DF2-2331-433E-A2E5-04FCD4EAE92C}.Release|x64.Build.0 = Release|x64
		{84772DF2-2331-433E-A2E5-04FCD4EAE92C}.Release|x86.ActiveCfg = Release|Win32
		{84772DF2-2331-433E-A2E5-04FCD4EAE92C}.Release|x86.Build.0 = Release|Win32
	EndGlobalSection
	GlobalSection(SolutionProperties) = preSolution
		HideSolutionNode = FALSE
	EndGlobalSection
	GlobalSection(ExtensibilityGlobals) = postSolution
		SolutionGuid = {35EE3DC7-D8CB-448A-A4F2-6D7869F4744E}
	EndGlobalSection
EndGlobal
